
Microsoft Visual Studio Solution File, Format Version 12.00
# Visual Studio Version 17
VisualStudioVersion = 17.11.35431.28
MinimumVisualStudioVersion = 10.0.40219.1
Project("{FAE04EC0-301F-11D3-BF4B-00C04F79EFBC}") = "HtmlToPdf_Framework", "HtmlToPdf_Framework.csproj", "{907CB2E5-000F-401B-8BC9-841D3695F12D}"
EndProject
Global
	GlobalSection(SolutionConfigurationPlatforms) = preSolution
		Debug|Any CPU = Debug|Any CPU
		Release|Any CPU = Release|Any CPU
	EndGlobalSection
	GlobalSection(ProjectConfigurationPlatforms) = postSolution
		{907CB2E5-000F-401B-8BC9-841D3695F12D}.Debug|Any CPU.ActiveCfg = Debug|Any CPU
		{907CB2E5-000F-401B-8BC9-841D3695F12D}.Debug|Any CPU.Build.0 = Debug|Any CPU
		{907CB2E5-000F-401B-8BC9-841D3695F12D}.Release|Any CPU.ActiveCfg = Release|Any CPU
		{907CB2E5-000F-401B-8BC9-841D3695F12D}.Release|Any CPU.Build.0 = Release|Any CPU
	EndGlobalSection
	GlobalSection(SolutionProperties) = preSolution
		HideSolutionNode = FALSE
	EndGlobalSection
	GlobalSection(ExtensibilityGlobals) = postSolution
		SolutionGuid = {5A4BDEF3-9704-45A5-AAD0-5FFE367BB5F6}
	EndGlobalSection
EndGlobal
