
Microsoft Visual Studio Solution File, Format Version 12.00
# Visual Studio Version 17
VisualStudioVersion = 17.11.35431.28
MinimumVisualStudioVersion = 10.0.40219.1
Project("{FAE04EC0-301F-11D3-BF4B-00C04F79EFBC}") = "HtmlToPdf", "HtmlToPdf.csproj", "{3E3AC515-5A11-4544-BCEF-E3BC517FE4DD}"
EndProject
Global
	GlobalSection(SolutionConfigurationPlatforms) = preSolution
		Debug|Any CPU = Debug|Any CPU
		Release|Any CPU = Release|Any CPU
	EndGlobalSection
	GlobalSection(ProjectConfigurationPlatforms) = postSolution
		{3E3AC515-5A11-4544-BCEF-E3BC517FE4DD}.Debug|Any CPU.ActiveCfg = Debug|Any CPU
		{3E3AC515-5A11-4544-BCEF-E3BC517FE4DD}.Debug|Any CPU.Build.0 = Debug|Any CPU
		{3E3AC515-5A11-4544-BCEF-E3BC517FE4DD}.Release|Any CPU.ActiveCfg = Release|Any CPU
		{3E3AC515-5A11-4544-BCEF-E3BC517FE4DD}.Release|Any CPU.Build.0 = Release|Any CPU
	EndGlobalSection
	GlobalSection(SolutionProperties) = preSolution
		HideSolutionNode = FALSE
	EndGlobalSection
	GlobalSection(ExtensibilityGlobals) = postSolution
		SolutionGuid = {8837203E-FA2F-43D8-8381-F4FCC47C7177}
	EndGlobalSection
EndGlobal
